// !$*UTF8*$!
{
	archiveVersion = 1;
	classes = {
	};
	objectVersion = 56;
	objects = {

/* Begin PBXBuildFile section */
		BD8064092A46315D00A31B7C /* questionTwo.swift in Sources */ = {isa = PBXBuildFile; fileRef = BD8064082A46315D00A31B7C /* questionTwo.swift */; };
		BD85B9E02A462471008D6C55 /* questionsAppApp.swift in Sources */ = {isa = PBXBuildFile; fileRef = BD85B9DF2A462471008D6C55 /* questionsAppApp.swift */; };
		BD85B9E22A462471008D6C55 /* ContentView.swift in Sources */ = {isa = PBXBuildFile; fileRef = BD85B9E12A462471008D6C55 /* ContentView.swift */; };
		BD85B9E42A462472008D6C55 /* Assets.xcassets in Resources */ = {isa = PBXBuildFile; fileRef = BD85B9E32A462472008D6C55 /* Assets.xcassets */; };
		BD85B9E72A462472008D6C55 /* Preview Assets.xcassets in Resources */ = {isa = PBXBuildFile; fileRef = BD85B9E62A462472008D6C55 /* Preview Assets.xcassets */; };
		BD85B9EE2A462524008D6C55 /* questionOne.swift in Sources */ = {isa = PBXBuildFile; fileRef = BD85B9ED2A462524008D6C55 /* questionOne.swift */; };
		BD8976282A4C861900238BCE /* questionLast.swift in Sources */ = {isa = PBXBuildFile; fileRef = BD8976272A4C861900238BCE /* questionLast.swift */; };
		BD89762A2A4C8A6900238BCE /* theEnd.swift in Sources */ = {isa = PBXBuildFile; fileRef = BD8976292A4C8A6900238BCE /* theEnd.swift */; };
/* End PBXBuildFile section */

/* Begin PBXFileReference section */
		BD8064082A46315D00A31B7C /* questionTwo.swift */ = {isa = PBXFileReference; lastKnownFileType = sourcecode.swift; path = questionTwo.swift; sourceTree = "<group>"; };
		BD85B9DC2A462471008D6C55 /* questionsApp.app */ = {isa = PBXFileReference; explicitFileType = wrapper.application; includeInIndex = 0; path = questionsApp.app; sourceTree = BUILT_PRODUCTS_DIR; };
		BD85B9DF2A462471008D6C55 /* questionsAppApp.swift */ = {isa = PBXFileReference; lastKnownFileType = sourcecode.swift; path = questionsAppApp.swift; sourceTree = "<group>"; };
		BD85B9E12A462471008D6C55 /* ContentView.swift */ = {isa = PBXFileReference; lastKnownFileType = sourcecode.swift; path = ContentView.swift; sourceTree = "<group>"; };
		BD85B9E32A462472008D6C55 /* Assets.xcassets */ = {isa = PBXFileReference; lastKnownFileType = folder.assetcatalog; path = Assets.xcassets; sourceTree = "<group>"; };
		BD85B9E62A462472008D6C55 /* Preview Assets.xcassets */ = {isa = PBXFileReference; lastKnownFileType = folder.assetcatalog; path = "Preview Assets.xcassets"; sourceTree = "<group>"; };
		BD85B9ED2A462524008D6C55 /* questionOne.swift */ = {isa = PBXFileReference; lastKnownFileType = sourcecode.swift; path = questionOne.swift; sourceTree = "<group>"; };
		BD8976272A4C861900238BCE /* questionLast.swift */ = {isa = PBXFileReference; lastKnownFileType = sourcecode.swift; path = questionLast.swift; sourceTree = "<group>"; };
		BD8976292A4C8A6900238BCE /* theEnd.swift */ = {isa = PBXFileReference; lastKnownFileType = sourcecode.swift; path = theEnd.swift; sourceTree = "<group>"; };
/* End PBXFileReference section */

/* Begin PBXFrameworksBuildPhase section */
		BD85B9D92A462471008D6C55 /* Frameworks */ = {
			isa = PBXFrameworksBuildPhase;
			buildActionMask = 2147483647;
			files = (
			);
			runOnlyForDeploymentPostprocessing = 0;
		};
/* End PBXFrameworksBuildPhase section */

/* Begin PBXGroup section */
		BD85B9D32A462471008D6C55 = {
			isa = PBXGroup;
			children = (
				BD85B9DE2A462471008D6C55 /* questionsApp */,
				BD85B9DD2A462471008D6C55 /* Products */,
			);
			sourceTree = "<group>";
		};
		BD85B9DD2A462471008D6C55 /* Products */ = {
			isa = PBXGroup;
			children = (
				BD85B9DC2A462471008D6C55 /* questionsApp.app */,
			);
			name = Products;
			sourceTree = "<group>";
		};
		BD85B9DE2A462471008D6C55 /* questionsApp */ = {
			isa = PBXGroup;
			children = (
				BD85B9DF2A462471008D6C55 /* questionsAppApp.swift */,
				BD85B9E12A462471008D6C55 /* ContentView.swift */,
				BD85B9ED2A462524008D6C55 /* questionOne.swift */,
				BD8064082A46315D00A31B7C /* questionTwo.swift */,
				BD8976272A4C861900238BCE /* questionLast.swift */,
				BD8976292A4C8A6900238BCE /* theEnd.swift */,
				BD85B9E32A462472008D6C55 /* Assets.xcassets */,
				BD85B9E52A462472008D6C55 /* Preview Content */,
			);
			path = questionsApp;
			sourceTree = "<group>";
		};
		BD85B9E52A462472008D6C55 /* Preview Content */ = {
			isa = PBXGroup;
			children = (
				BD85B9E62A462472008D6C55 /* Preview Assets.xcassets */,
			);
			path = "Preview Content";
			sourceTree = "<group>";
		};
/* End PBXGroup section */

/* Begin PBXNativeTarget section */
		BD85B9DB2A462471008D6C55 /* questionsApp */ = {
			isa = PBXNativeTarget;
			buildConfigurationList = BD85B9EA2A462472008D6C55 /* Build configuration list for PBXNativeTarget "questionsApp" */;
			buildPhases = (
				BD85B9D82A462471008D6C55 /* Sources */,
				BD85B9D92A462471008D6C55 /* Frameworks */,
				BD85B9DA2A462471008D6C55 /* Resources */,
			);
			buildRules = (
			);
			dependencies = (
			);
			name = questionsApp;
			productName = questionsApp;
			productReference = BD85B9DC2A462471008D6C55 /* questionsApp.app */;
			productType = "com.apple.product-type.application";
		};
/* End PBXNativeTarget section */

/* Begin PBXProject section */
		BD85B9D42A462471008D6C55 /* Project object */ = {
			isa = PBXProject;
			attributes = {
				BuildIndependentTargetsInParallel = 1;
				LastSwiftUpdateCheck = 1430;
				LastUpgradeCheck = 1430;
				TargetAttributes = {
					BD85B9DB2A462471008D6C55 = {
						CreatedOnToolsVersion = 14.3.1;
					};
				};
			};
			buildConfigurationList = BD85B9D72A462471008D6C55 /* Build configuration list for PBXProject "questionsApp" */;
			compatibilityVersion = "Xcode 14.0";
			developmentRegion = en;
			hasScannedForEncodings = 0;
			knownRegions = (
				en,
				Base,
			);
			mainGroup = BD85B9D32A462471008D6C55;
			productRefGroup = BD85B9DD2A462471008D6C55 /* Products */;
			projectDirPath = "";
			projectRoot = "";
			targets = (
				BD85B9DB2A462471008D6C55 /* questionsApp */,
			);
		};
/* End PBXProject section */

/* Begin PBXResourcesBuildPhase section */
		BD85B9DA2A462471008D6C55 /* Resources */ = {
			isa = PBXResourcesBuildPhase;
			buildActionMask = 2147483647;
			files = (
				BD85B9E72A462472008D6C55 /* Preview Assets.xcassets in Resources */,
				BD85B9E42A462472008D6C55 /* Assets.xcassets in Resources */,
			);
			runOnlyForDeploymentPostprocessing = 0;
		};
/* End PBXResourcesBuildPhase section */

/* Begin PBXSourcesBuildPhase section */
		BD85B9D82A462471008D6C55 /* Sources */ = {
			isa = PBXSourcesBuildPhase;
			buildActionMask = 2147483647;
			files = (
				BD85B9E22A462471008D6C55 /* ContentView.swift in Sources */,
				BD89762A2A4C8A6900238BCE /* theEnd.swift in Sources */,
				BD8976282A4C861900238BCE /* questionLast.swift in Sources */,
				BD85B9E02A462471008D6C55 /* questionsAppApp.swift in Sources */,
				BD8064092A46315D00A31B7C /* questionTwo.swift in Sources */,
				BD85B9EE2A462524008D6C55 /* questionOne.swift in Sources */,
			);
			runOnlyForDeploymentPostprocessing = 0;
		};
/* End PBXSourcesBuildPhase section */

/* Begin XCBuildConfiguration section */
		BD85B9E82A462472008D6C55 /* Debug */ = {
			isa = XCBuildConfiguration;
			buildSettings = {
				ALWAYS_SEARCH_USER_PATHS = NO;
				CLANG_ANALYZER_NONNULL = YES;
				CLANG_ANALYZER_NUMBER_OBJECT_CONVERSION = YES_AGGRESSIVE;
				CLANG_CXX_LANGUAGE_STANDARD = "gnu++20";
				CLANG_ENABLE_MODULES = YES;
				CLANG_ENABLE_OBJC_ARC = YES;
				CLANG_ENABLE_OBJC_WEAK = YES;
				CLANG_WARN_BLOCK_CAPTURE_AUTORELEASING = YES;
				CLANG_WARN_BOOL_CONVERSION = YES;
				CLANG_WARN_COMMA = YES;
				CLANG_WARN_CONSTANT_CONVERSION = YES;
				CLANG_WARN_DEPRECATED_OBJC_IMPLEMENTATIONS = YES;
				CLANG_WARN_DIRECT_OBJC_ISA_USAGE = YES_ERROR;
				CLANG_WARN_DOCUMENTATION_COMMENTS = YES;
				CLANG_WARN_EMPTY_BODY = YES;
				CLANG_WARN_ENUM_CONVERSION = YES;
				CLANG_WARN_INFINITE_RECURSION = YES;
				CLANG_WARN_INT_CONVERSION = YES;
				CLANG_WARN_NON_LITERAL_NULL_CONVERSION = YES;
				CLANG_WARN_OBJC_IMPLICIT_RETAIN_SELF = YES;
				CLANG_WARN_OBJC_LITERAL_CONVERSION = YES;
				CLANG_WARN_OBJC_ROOT_CLASS = YES_ERROR;
				CLANG_WARN_QUOTED_INCLUDE_IN_FRAMEWORK_HEADER = YES;
				CLANG_WARN_RANGE_LOOP_ANALYSIS = YES;
				CLANG_WARN_STRICT_PROTOTYPES = YES;
				CLANG_WARN_SUSPICIOUS_MOVE = YES;
				CLANG_WARN_UNGUARDED_AVAILABILITY = YES_AGGRESSIVE;
				CLANG_WARN_UNREACHABLE_CODE = YES;
				CLANG_WARN__DUPLICATE_METHOD_MATCH = YES;
				COPY_PHASE_STRIP = NO;
				DEBUG_INFORMATION_FORMAT = dwarf;
				ENABLE_STRICT_OBJC_MSGSEND = YES;
				ENABLE_TESTABILITY = YES;
				GCC_C_LANGUAGE_STANDARD = gnu11;
				GCC_DYNAMIC_NO_PIC = NO;
				GCC_NO_COMMON_BLOCKS = YES;
				GCC_OPTIMIZATION_LEVEL = 0;
				GCC_PREPROCESSOR_DEFINITIONS = (
					"DEBUG=1",
					"$(inherited)",
				);
				GCC_WARN_64_TO_32_BIT_CONVERSION = YES;
				GCC_WARN_ABOUT_RETURN_TYPE = YES_ERROR;
				GCC_WARN_UNDECLARED_SELECTOR = YES;
				GCC_WARN_UNINITIALIZED_AUTOS = YES_AGGRESSIVE;
				GCC_WARN_UNUSED_FUNCTION = YES;
				GCC_WARN_UNUSED_VARIABLE = YES;
				IPHONEOS_DEPLOYMENT_TARGET = 16.4;
				MTL_ENABLE_DEBUG_INFO = INCLUDE_SOURCE;
				MTL_FAST_MATH = YES;
				ONLY_ACTIVE_ARCH = YES;
				SDKROOT = iphoneos;
				SWIFT_ACTIVE_COMPILATION_CONDITIONS = DEBUG;
				SWIFT_OPTIMIZATION_LEVEL = "-Onone";
			};
			name = Debug;
		};
		BD85B9E92A462472008D6C55 /* Release */ = {
			isa = XCBuildConfiguration;
			buildSettings = {
				ALWAYS_SEARCH_USER_PATHS = NO;
				CLANG_ANALYZER_NONNULL = YES;
				CLANG_ANALYZER_NUMBER_OBJECT_CONVERSION = YES_AGGRESSIVE;
				CLANG_CXX_LANGUAGE_STANDARD = "gnu++20";
				CLANG_ENABLE_MODULES = YES;
				CLANG_ENABLE_OBJC_ARC = YES;
				CLANG_ENABLE_OBJC_WEAK = YES;
				CLANG_WARN_BLOCK_CAPTURE_AUTORELEASING = YES;
				CLANG_WARN_BOOL_CONVERSION = YES;
				CLANG_WARN_COMMA = YES;
				CLANG_WARN_CONSTANT_CONVERSION = YES;
				CLANG_WARN_DEPRECATED_OBJC_IMPLEMENTATIONS = YES;
				CLANG_WARN_DIRECT_OBJC_ISA_USAGE = YES_ERROR;
				CLANG_WARN_DOCUMENTATION_COMMENTS = YES;
				CLANG_WARN_EMPTY_BODY = YES;
				CLANG_WARN_ENUM_CONVERSION = YES;
				CLANG_WARN_INFINITE_RECURSION = YES;
				CLANG_WARN_INT_CONVERSION = YES;
				CLANG_WARN_NON_LITERAL_NULL_CONVERSION = YES;
				CLANG_WARN_OBJC_IMPLICIT_RETAIN_SELF = YES;
				CLANG_WARN_OBJC_LITERAL_CONVERSION = YES;
				CLANG_WARN_OBJC_ROOT_CLASS = YES_ERROR;
				CLANG_WARN_QUOTED_INCLUDE_IN_FRAMEWORK_HEADER = YES;
				CLANG_WARN_RANGE_LOOP_ANALYSIS = YES;
				CLANG_WARN_STRICT_PROTOTYPES = YES;
				CLANG_WARN_SUSPICIOUS_MOVE = YES;
				CLANG_WARN_UNGUARDED_AVAILABILITY = YES_AGGRESSIVE;
				CLANG_WARN_UNREACHABLE_CODE = YES;
				CLANG_WARN__DUPLICATE_METHOD_MATCH = YES;
				COPY_PHASE_STRIP = NO;
				DEBUG_INFORMATION_FORMAT = "dwarf-with-dsym";
				ENABLE_NS_ASSERTIONS = NO;
				ENABLE_STRICT_OBJC_MSGSEND = YES;
				GCC_C_LANGUAGE_STANDARD = gnu11;
				GCC_NO_COMMON_BLOCKS = YES;
				GCC_WARN_64_TO_32_BIT_CONVERSION = YES;
				GCC_WARN_ABOUT_RETURN_TYPE = YES_ERROR;
				GCC_WARN_UNDECLARED_SELECTOR = YES;
				GCC_WARN_UNINITIALIZED_AUTOS = YES_AGGRESSIVE;
				GCC_WARN_UNUSED_FUNCTION = YES;
				GCC_WARN_UNUSED_VARIABLE = YES;
				IPHONEOS_DEPLOYMENT_TARGET = 16.4;
				MTL_ENABLE_DEBUG_INFO = NO;
				MTL_FAST_MATH = YES;
				SDKROOT = iphoneos;
				SWIFT_COMPILATION_MODE = wholemodule;
				SWIFT_OPTIMIZATION_LEVEL = "-O";
				VALIDATE_PRODUCT = YES;
			};
			name = Release;
		};
		BD85B9EB2A462472008D6C55 /* Debug */ = {
			isa = XCBuildConfiguration;
			buildSettings = {
				ASSETCATALOG_COMPILER_APPICON_NAME = AppIcon;
				ASSETCATALOG_COMPILER_GLOBAL_ACCENT_COLOR_NAME = AccentColor;
				CODE_SIGN_STYLE = Automatic;
				CURRENT_PROJECT_VERSION = 1;
				DEVELOPMENT_ASSET_PATHS = "\"questionsApp/Preview Content\"";
				ENABLE_PREVIEWS = YES;
				GENERATE_INFOPLIST_FILE = YES;
				INFOPLIST_KEY_UIApplicationSceneManifest_Generation = YES;
				INFOPLIST_KEY_UIApplicationSupportsIndirectInputEvents = YES;
				INFOPLIST_KEY_UILaunchScreen_Generation = YES;
				INFOPLIST_KEY_UISupportedInterfaceOrientations_iPad = "UIInterfaceOrientationPortrait UIInterfaceOrientationPortraitUpsideDown UIInterfaceOrientationLandscapeLeft UIInterfaceOrientationLandscapeRight";
				INFOPLIST_KEY_UISupportedInterfaceOrientations_iPhone = "UIInterfaceOrientationPortrait UIInterfaceOrientationLandscapeLeft UIInterfaceOrientationLandscapeRight";
				LD_RUNPATH_SEARCH_PATHS = (
					"$(inherited)",
					"@executable_path/Frameworks",
				);
				MARKETING_VERSION = 1.0;
				PRODUCT_BUNDLE_IDENTIFIER = "Kode-With-Klossy.questionsApp";
				PRODUCT_NAME = "$(TARGET_NAME)";
				SWIFT_EMIT_LOC_STRINGS = YES;
				SWIFT_VERSION = 5.0;
				TARGETED_DEVICE_FAMILY = "1,2";
			};
			name = Debug;
		};
		BD85B9EC2A462472008D6C55 /* Release */ = {
			isa = XCBuildConfiguration;
			buildSettings = {
				ASSETCATALOG_COMPILER_APPICON_NAME = AppIcon;
				ASSETCATALOG_COMPILER_GLOBAL_ACCENT_COLOR_NAME = AccentColor;
				CODE_SIGN_STYLE = Automatic;
				CURRENT_PROJECT_VERSION = 1;
				DEVELOPMENT_ASSET_PATHS = "\"questionsApp/Preview Content\"";
				ENABLE_PREVIEWS = YES;
				GENERATE_INFOPLIST_FILE = YES;
				INFOPLIST_KEY_UIApplicationSceneManifest_Generation = YES;
				INFOPLIST_KEY_UIApplicationSupportsIndirectInputEvents = YES;
				INFOPLIST_KEY_UILaunchScreen_Generation = YES;
				INFOPLIST_KEY_UISupportedInterfaceOrientations_iPad = "UIInterfaceOrientationPortrait UIInterfaceOrientationPortraitUpsideDown UIInterfaceOrientationLandscapeLeft UIInterfaceOrientationLandscapeRight";
				INFOPLIST_KEY_UISupportedInterfaceOrientations_iPhone = "UIInterfaceOrientationPortrait UIInterfaceOrientationLandscapeLeft UIInterfaceOrientationLandscapeRight";
				LD_RUNPATH_SEARCH_PATHS = (
					"$(inherited)",
					"@executable_path/Frameworks",
				);
				MARKETING_VERSION = 1.0;
				PRODUCT_BUNDLE_IDENTIFIER = "Kode-With-Klossy.questionsApp";
				PRODUCT_NAME = "$(TARGET_NAME)";
				SWIFT_EMIT_LOC_STRINGS = YES;
				SWIFT_VERSION = 5.0;
				TARGETED_DEVICE_FAMILY = "1,2";
			};
			name = Release;
		};
/* End XCBuildConfiguration section */

/* Begin XCConfigurationList section */
		BD85B9D72A462471008D6C55 /* Build configuration list for PBXProject "questionsApp" */ = {
			isa = XCConfigurationList;
			buildConfigurations = (
				BD85B9E82A462472008D6C55 /* Debug */,
				BD85B9E92A462472008D6C55 /* Release */,
			);
			defaultConfigurationIsVisible = 0;
			defaultConfigurationName = Release;
		};
		BD85B9EA2A462472008D6C55 /* Build configuration list for PBXNativeTarget "questionsApp" */ = {
			isa = XCConfigurationList;
			buildConfigurations = (
				BD85B9EB2A462472008D6C55 /* Debug */,
				BD85B9EC2A462472008D6C55 /* Release */,
			);
			defaultConfigurationIsVisible = 0;
			defaultConfigurationName = Release;
		};
/* End XCConfigurationList section */
	};
	rootObject = BD85B9D42A462471008D6C55 /* Project object */;
}
